schema: '2.0'
stages:
  get_data:
    cmd: python src/get_data.py
    deps:
    - path: src/get_data.py
      hash: md5
      md5: 9affff29754dc467491304ec67f65e2d
      size: 2282
    outs:
    - path: outputs/raw/
      hash: md5
      md5: 1192a8cfa564b0e0874343c2ad07202d.dir
      size: 184455287
      nfiles: 6
  tokenize_data:
    cmd: python src/tokenize_data.py
    deps:
    - path: src/tokenize_data.py
      hash: md5
      md5: 17f30df0cd033f543713ac9d69a878f3
      size: 4380
    outs:
    - path: outputs/tokenized/
      hash: md5
      md5: a7f4fee33d368b78600de26f022a708a.dir
      size: 862021810
      nfiles: 7
  define_train_model:
    cmd: python src/define_train_model.py
    deps:
    - path: config.json
      hash: md5
      md5: 57edfe43f25f9777fd980d6a56cb6c09
      size: 628
    - path: outputs/raw/
      hash: md5
      md5: 1192a8cfa564b0e0874343c2ad07202d.dir
      size: 184455287
      nfiles: 6
    - path: src/define_train_model.py
      hash: md5
      md5: dcb06acd00f71b5849cf14f4c2fc5ee7
      size: 5058
    outs:
    - path: outputs/metrics/metrics.json
      hash: md5
      md5: c049dd8d0774a9b44da936c5b52fc9f8
      size: 172
    - path: outputs/model.h5
      hash: md5
      md5: d16deabcb3ad6b8dd39747de71e96567
      size: 5482416
  predict:
    cmd: python src/predict.py
    deps:
    - path: outputs/model.h5
      hash: md5
      md5: d16deabcb3ad6b8dd39747de71e96567
      size: 5482416
    - path: src/predict.py
      hash: md5
      md5: 1b05c928612495c7274fe5da04be79dd
      size: 2397
